
Microsoft Visual Studio Solution File, Format Version 12.00
Project("{2150E333-8FDC-42A3-9474-1A3956D46DE8}") = "day01", "day01", "{BDE6E2DB-7811-437E-B157-979B49A4D963}"
	ProjectSection(SolutionItems) = preProject
		day01\input.txt = day01\input.txt
	EndProjectSection
EndProject
Project("{FAE04EC0-301F-11D3-BF4B-00C04F79EFBC}") = "day01-lib", "day01\day01-lib\day01-lib.csproj", "{3CC0ABB1-B9D2-4B67-9C2A-BF33CD4AD3A2}"
EndProject
Project("{FAE04EC0-301F-11D3-BF4B-00C04F79EFBC}") = "day01-part1", "day01\day01-part1\day01-part1.csproj", "{7D660069-AAAE-4DDB-9A71-820B15E682C2}"
EndProject
Project("{FAE04EC0-301F-11D3-BF4B-00C04F79EFBC}") = "day01-part2", "day01\day01-part2\day01-part2.csproj", "{C6B15C0E-75F8-44B6-B7EE-495201A14E74}"
EndProject
Project("{FAE04EC0-301F-11D3-BF4B-00C04F79EFBC}") = "day01-lib.Tests", "day01\day01-lib.Tests\day01-lib.Tests.csproj", "{CCE65D6F-E3B5-493B-BC1B-8161AD439E89}"
EndProject
Project("{FAE04EC0-301F-11D3-BF4B-00C04F79EFBC}") = "AoC2023-lib", "AoC2023-lib\AoC2023-lib.csproj", "{406E2F74-67CC-484F-9460-E4377720741D}"
EndProject
Project("{2150E333-8FDC-42A3-9474-1A3956D46DE8}") = "day02", "day02", "{9B272183-CD80-4FBD-98E6-2CCD11E165F0}"
	ProjectSection(SolutionItems) = preProject
		day02\input.txt = day02\input.txt
		day02\testinput.txt = day02\testinput.txt
	EndProjectSection
EndProject
Project("{FAE04EC0-301F-11D3-BF4B-00C04F79EFBC}") = "day02-lib", "day02\day02-lib\day02-lib.csproj", "{10F9E563-8AE9-4F48-8601-142CF15C978B}"
EndProject
Project("{FAE04EC0-301F-11D3-BF4B-00C04F79EFBC}") = "day02-lib.Tests", "day02\day02-lib.Tests\day02-lib.Tests.csproj", "{7F4AB600-8ADB-49C2-9964-D92B0F7EE056}"
EndProject
Project("{FAE04EC0-301F-11D3-BF4B-00C04F79EFBC}") = "day02-part1", "day02\day02-part1\day02-part1.csproj", "{87B1E328-DDB7-4CA1-B91A-FF292923B61C}"
EndProject
Project("{FAE04EC0-301F-11D3-BF4B-00C04F79EFBC}") = "day02-part2", "day02\day02-part2\day02-part2.csproj", "{4576049B-B888-4342-B882-3D84F81536C9}"
EndProject
Global
	GlobalSection(SolutionConfigurationPlatforms) = preSolution
		Debug|Any CPU = Debug|Any CPU
		Release|Any CPU = Release|Any CPU
	EndGlobalSection
	GlobalSection(NestedProjects) = preSolution
		{3CC0ABB1-B9D2-4B67-9C2A-BF33CD4AD3A2} = {BDE6E2DB-7811-437E-B157-979B49A4D963}
		{7D660069-AAAE-4DDB-9A71-820B15E682C2} = {BDE6E2DB-7811-437E-B157-979B49A4D963}
		{C6B15C0E-75F8-44B6-B7EE-495201A14E74} = {BDE6E2DB-7811-437E-B157-979B49A4D963}
		{CCE65D6F-E3B5-493B-BC1B-8161AD439E89} = {BDE6E2DB-7811-437E-B157-979B49A4D963}
		{10F9E563-8AE9-4F48-8601-142CF15C978B} = {9B272183-CD80-4FBD-98E6-2CCD11E165F0}
		{7F4AB600-8ADB-49C2-9964-D92B0F7EE056} = {9B272183-CD80-4FBD-98E6-2CCD11E165F0}
		{87B1E328-DDB7-4CA1-B91A-FF292923B61C} = {9B272183-CD80-4FBD-98E6-2CCD11E165F0}
		{4576049B-B888-4342-B882-3D84F81536C9} = {9B272183-CD80-4FBD-98E6-2CCD11E165F0}
	EndGlobalSection
	GlobalSection(ProjectConfigurationPlatforms) = postSolution
		{3CC0ABB1-B9D2-4B67-9C2A-BF33CD4AD3A2}.Debug|Any CPU.ActiveCfg = Debug|Any CPU
		{3CC0ABB1-B9D2-4B67-9C2A-BF33CD4AD3A2}.Debug|Any CPU.Build.0 = Debug|Any CPU
		{3CC0ABB1-B9D2-4B67-9C2A-BF33CD4AD3A2}.Release|Any CPU.ActiveCfg = Release|Any CPU
		{3CC0ABB1-B9D2-4B67-9C2A-BF33CD4AD3A2}.Release|Any CPU.Build.0 = Release|Any CPU
		{7D660069-AAAE-4DDB-9A71-820B15E682C2}.Debug|Any CPU.ActiveCfg = Debug|Any CPU
		{7D660069-AAAE-4DDB-9A71-820B15E682C2}.Debug|Any CPU.Build.0 = Debug|Any CPU
		{7D660069-AAAE-4DDB-9A71-820B15E682C2}.Release|Any CPU.ActiveCfg = Release|Any CPU
		{7D660069-AAAE-4DDB-9A71-820B15E682C2}.Release|Any CPU.Build.0 = Release|Any CPU
		{C6B15C0E-75F8-44B6-B7EE-495201A14E74}.Debug|Any CPU.ActiveCfg = Debug|Any CPU
		{C6B15C0E-75F8-44B6-B7EE-495201A14E74}.Debug|Any CPU.Build.0 = Debug|Any CPU
		{C6B15C0E-75F8-44B6-B7EE-495201A14E74}.Release|Any CPU.ActiveCfg = Release|Any CPU
		{C6B15C0E-75F8-44B6-B7EE-495201A14E74}.Release|Any CPU.Build.0 = Release|Any CPU
		{CCE65D6F-E3B5-493B-BC1B-8161AD439E89}.Debug|Any CPU.ActiveCfg = Debug|Any CPU
		{CCE65D6F-E3B5-493B-BC1B-8161AD439E89}.Debug|Any CPU.Build.0 = Debug|Any CPU
		{CCE65D6F-E3B5-493B-BC1B-8161AD439E89}.Release|Any CPU.ActiveCfg = Release|Any CPU
		{CCE65D6F-E3B5-493B-BC1B-8161AD439E89}.Release|Any CPU.Build.0 = Release|Any CPU
		{406E2F74-67CC-484F-9460-E4377720741D}.Debug|Any CPU.ActiveCfg = Debug|Any CPU
		{406E2F74-67CC-484F-9460-E4377720741D}.Debug|Any CPU.Build.0 = Debug|Any CPU
		{406E2F74-67CC-484F-9460-E4377720741D}.Release|Any CPU.ActiveCfg = Release|Any CPU
		{406E2F74-67CC-484F-9460-E4377720741D}.Release|Any CPU.Build.0 = Release|Any CPU
		{10F9E563-8AE9-4F48-8601-142CF15C978B}.Debug|Any CPU.ActiveCfg = Debug|Any CPU
		{10F9E563-8AE9-4F48-8601-142CF15C978B}.Debug|Any CPU.Build.0 = Debug|Any CPU
		{10F9E563-8AE9-4F48-8601-142CF15C978B}.Release|Any CPU.ActiveCfg = Release|Any CPU
		{10F9E563-8AE9-4F48-8601-142CF15C978B}.Release|Any CPU.Build.0 = Release|Any CPU
		{7F4AB600-8ADB-49C2-9964-D92B0F7EE056}.Debug|Any CPU.ActiveCfg = Debug|Any CPU
		{7F4AB600-8ADB-49C2-9964-D92B0F7EE056}.Debug|Any CPU.Build.0 = Debug|Any CPU
		{7F4AB600-8ADB-49C2-9964-D92B0F7EE056}.Release|Any CPU.ActiveCfg = Release|Any CPU
		{7F4AB600-8ADB-49C2-9964-D92B0F7EE056}.Release|Any CPU.Build.0 = Release|Any CPU
		{87B1E328-DDB7-4CA1-B91A-FF292923B61C}.Debug|Any CPU.ActiveCfg = Debug|Any CPU
		{87B1E328-DDB7-4CA1-B91A-FF292923B61C}.Debug|Any CPU.Build.0 = Debug|Any CPU
		{87B1E328-DDB7-4CA1-B91A-FF292923B61C}.Release|Any CPU.ActiveCfg = Release|Any CPU
		{87B1E328-DDB7-4CA1-B91A-FF292923B61C}.Release|Any CPU.Build.0 = Release|Any CPU
		{4576049B-B888-4342-B882-3D84F81536C9}.Debug|Any CPU.ActiveCfg = Debug|Any CPU
		{4576049B-B888-4342-B882-3D84F81536C9}.Debug|Any CPU.Build.0 = Debug|Any CPU
		{4576049B-B888-4342-B882-3D84F81536C9}.Release|Any CPU.ActiveCfg = Release|Any CPU
		{4576049B-B888-4342-B882-3D84F81536C9}.Release|Any CPU.Build.0 = Release|Any CPU
	EndGlobalSection
EndGlobal
